
Microsoft Visual Studio Solution File, Format Version 12.00
# Visual Studio Version 17
VisualStudioVersion = 17.5.33424.131
MinimumVisualStudioVersion = 10.0.40219.1
Project("{FAE04EC0-301F-11D3-BF4B-00C04F79EFBC}") = "Lista1-Ex_8", "Lista1-Ex_8\Lista1-Ex_8.csproj", "{F08CAB4D-D653-4980-951D-966EE6396EAC}"
EndProject
Global
	GlobalSection(SolutionConfigurationPlatforms) = preSolution
		Debug|Any CPU = Debug|Any CPU
		Release|Any CPU = Release|Any CPU
	EndGlobalSection
	GlobalSection(ProjectConfigurationPlatforms) = postSolution
		{F08CAB4D-D653-4980-951D-966EE6396EAC}.Debug|Any CPU.ActiveCfg = Debug|Any CPU
		{F08CAB4D-D653-4980-951D-966EE6396EAC}.Debug|Any CPU.Build.0 = Debug|Any CPU
		{F08CAB4D-D653-4980-951D-966EE6396EAC}.Release|Any CPU.ActiveCfg = Release|Any CPU
		{F08CAB4D-D653-4980-951D-966EE6396EAC}.Release|Any CPU.Build.0 = Release|Any CPU
	EndGlobalSection
	GlobalSection(SolutionProperties) = preSolution
		HideSolutionNode = FALSE
	EndGlobalSection
	GlobalSection(ExtensibilityGlobals) = postSolution
		SolutionGuid = {224B2B90-7A16-4493-A4ED-4C27A1C05089}
	EndGlobalSection
EndGlobal
